// !$*UTF8*$!
{
	archiveVersion = 1;
	classes = {
	};
	objectVersion = 56;
	objects = {

/* Begin PBXBuildFile section */
		7F1CA2082B4E181500C71DF7 /* SignInView.swift in Sources */ = {isa = PBXBuildFile; fileRef = 7F1CA2072B4E181500C71DF7 /* SignInView.swift */; };
		7F1CA20A2B4E1DB100C71DF7 /* SignUpView.swift in Sources */ = {isa = PBXBuildFile; fileRef = 7F1CA2092B4E1DB000C71DF7 /* SignUpView.swift */; };
		7F1CA20C2B4F18F700C71DF7 /* Patient.swift in Sources */ = {isa = PBXBuildFile; fileRef = 7F1CA20B2B4F18F700C71DF7 /* Patient.swift */; };
		7F1CA20E2B4F374000C71DF7 /* Login.swift in Sources */ = {isa = PBXBuildFile; fileRef = 7F1CA20D2B4F374000C71DF7 /* Login.swift */; };
		7F1CA2102B4F402A00C71DF7 /* UserDefaultsHelper.swift in Sources */ = {isa = PBXBuildFile; fileRef = 7F1CA20F2B4F402A00C71DF7 /* UserDefaultsHelper.swift */; };
		7F1CA2122B501C9C00C71DF7 /* KeychainHelper.swift in Sources */ = {isa = PBXBuildFile; fileRef = 7F1CA2112B501C9C00C71DF7 /* KeychainHelper.swift */; };
		7F1CA2152B5021D400C71DF7 /* AuthenticationManager.swift in Sources */ = {isa = PBXBuildFile; fileRef = 7F1CA2142B5021D400C71DF7 /* AuthenticationManager.swift */; };
		7F1CA2182B50422700C71DF7 /* HomeViewModel.swift in Sources */ = {isa = PBXBuildFile; fileRef = 7F1CA2172B50422700C71DF7 /* HomeViewModel.swift */; };
		7F1CA21E2B55B6FE00C71DF7 /* Endpoint.swift in Sources */ = {isa = PBXBuildFile; fileRef = 7F1CA21D2B55B6FE00C71DF7 /* Endpoint.swift */; };
		7F1CA2202B55B87F00C71DF7 /* RequestMethod.swift in Sources */ = {isa = PBXBuildFile; fileRef = 7F1CA21F2B55B87E00C71DF7 /* RequestMethod.swift */; };
		7F1CA2222B55B93300C71DF7 /* RequestError.swift in Sources */ = {isa = PBXBuildFile; fileRef = 7F1CA2212B55B93300C71DF7 /* RequestError.swift */; };
		7F1CA2242B55BA8700C71DF7 /* HTTPClient.swift in Sources */ = {isa = PBXBuildFile; fileRef = 7F1CA2232B55BA8700C71DF7 /* HTTPClient.swift */; };
		7F1CA2262B55CEA600C71DF7 /* HomeEndpoint.swift in Sources */ = {isa = PBXBuildFile; fileRef = 7F1CA2252B55CEA600C71DF7 /* HomeEndpoint.swift */; };
		7F1CA2282B55D0CE00C71DF7 /* HomeNetworkingService.swift in Sources */ = {isa = PBXBuildFile; fileRef = 7F1CA2272B55D0CE00C71DF7 /* HomeNetworkingService.swift */; };
		7F1CA22A2B56D3F700C71DF7 /* AuthenticationEndpoint.swift in Sources */ = {isa = PBXBuildFile; fileRef = 7F1CA2292B56D3F700C71DF7 /* AuthenticationEndpoint.swift */; };
		7F1CA22C2B56E5A600C71DF7 /* AuthenticationService.swift in Sources */ = {isa = PBXBuildFile; fileRef = 7F1CA22B2B56E5A600C71DF7 /* AuthenticationService.swift */; };
		7F1CA22F2B58378500C71DF7 /* SnackBarErrorView.swift in Sources */ = {isa = PBXBuildFile; fileRef = 7F1CA22E2B58378500C71DF7 /* SnackBarErrorView.swift */; };
		7F1CA2312B5F1B1100C71DF7 /* UIApplication+.swift in Sources */ = {isa = PBXBuildFile; fileRef = 7F1CA2302B5F1B1000C71DF7 /* UIApplication+.swift */; };
		7F1CA2342B5F1E4500C71DF7 /* SkeletonView.swift in Sources */ = {isa = PBXBuildFile; fileRef = 7F1CA2332B5F1E4400C71DF7 /* SkeletonView.swift */; };
		7F2B7F792AF5EA0900EB6256 /* VollApp.swift in Sources */ = {isa = PBXBuildFile; fileRef = 7F2B7F782AF5EA0900EB6256 /* VollApp.swift */; };
		7F2B7F7B2AF5EA0900EB6256 /* ContentView.swift in Sources */ = {isa = PBXBuildFile; fileRef = 7F2B7F7A2AF5EA0900EB6256 /* ContentView.swift */; };
		7F2B7F7D2AF5EA0C00EB6256 /* Assets.xcassets in Resources */ = {isa = PBXBuildFile; fileRef = 7F2B7F7C2AF5EA0C00EB6256 /* Assets.xcassets */; };
		7F2B7F802AF5EA0C00EB6256 /* Preview Assets.xcassets in Resources */ = {isa = PBXBuildFile; fileRef = 7F2B7F7F2AF5EA0C00EB6256 /* Preview Assets.xcassets */; };
		7F2B7F882AF5EBB700EB6256 /* Specialist.swift in Sources */ = {isa = PBXBuildFile; fileRef = 7F2B7F872AF5EBB700EB6256 /* Specialist.swift */; };
		7F2B7F8B2AF5EC8A00EB6256 /* WebService.swift in Sources */ = {isa = PBXBuildFile; fileRef = 7F2B7F8A2AF5EC8A00EB6256 /* WebService.swift */; };
		7F2B7F8F2AF5ED0400EB6256 /* ButtonView.swift in Sources */ = {isa = PBXBuildFile; fileRef = 7F2B7F8E2AF5ED0400EB6256 /* ButtonView.swift */; };
		7F2B7F912AF5EE7300EB6256 /* SpecialistCardView.swift in Sources */ = {isa = PBXBuildFile; fileRef = 7F2B7F902AF5EE7300EB6256 /* SpecialistCardView.swift */; };
		7F2B7F932AF5F0D100EB6256 /* HomeView.swift in Sources */ = {isa = PBXBuildFile; fileRef = 7F2B7F922AF5F0D100EB6256 /* HomeView.swift */; };
		7F6DA1032AF66B6D009E6BD3 /* ScheduleAppointmentView.swift in Sources */ = {isa = PBXBuildFile; fileRef = 7F6DA1022AF66B6D009E6BD3 /* ScheduleAppointmentView.swift */; };
		7F6DA1062AF67D54009E6BD3 /* Date+.swift in Sources */ = {isa = PBXBuildFile; fileRef = 7F6DA1052AF67D54009E6BD3 /* Date+.swift */; };
		7F6DA1082AF67FAE009E6BD3 /* String+.swift in Sources */ = {isa = PBXBuildFile; fileRef = 7F6DA1072AF67FAE009E6BD3 /* String+.swift */; };
		7F6DA10A2AF68317009E6BD3 /* ScheduleAppointment.swift in Sources */ = {isa = PBXBuildFile; fileRef = 7F6DA1092AF68317009E6BD3 /* ScheduleAppointment.swift */; };
		7F6DA10C2AF68CA1009E6BD3 /* MyAppointmentsView.swift in Sources */ = {isa = PBXBuildFile; fileRef = 7F6DA10B2AF68CA1009E6BD3 /* MyAppointmentsView.swift */; };
		7F6DA10E2AF6CC09009E6BD3 /* Appointment.swift in Sources */ = {isa = PBXBuildFile; fileRef = 7F6DA10D2AF6CC09009E6BD3 /* Appointment.swift */; };
		7F6DA1102AF6D782009E6BD3 /* CancelAppointmentView.swift in Sources */ = {isa = PBXBuildFile; fileRef = 7F6DA10F2AF6D782009E6BD3 /* CancelAppointmentView.swift */; };
/* End PBXBuildFile section */

/* Begin PBXFileReference section */
		7F1CA2072B4E181500C71DF7 /* SignInView.swift */ = {isa = PBXFileReference; lastKnownFileType = sourcecode.swift; path = SignInView.swift; sourceTree = "<group>"; };
		7F1CA2092B4E1DB000C71DF7 /* SignUpView.swift */ = {isa = PBXFileReference; lastKnownFileType = sourcecode.swift; path = SignUpView.swift; sourceTree = "<group>"; };
		7F1CA20B2B4F18F700C71DF7 /* Patient.swift */ = {isa = PBXFileReference; lastKnownFileType = sourcecode.swift; path = Patient.swift; sourceTree = "<group>"; };
		7F1CA20D2B4F374000C71DF7 /* Login.swift */ = {isa = PBXFileReference; lastKnownFileType = sourcecode.swift; path = Login.swift; sourceTree = "<group>"; };
		7F1CA20F2B4F402A00C71DF7 /* UserDefaultsHelper.swift */ = {isa = PBXFileReference; lastKnownFileType = sourcecode.swift; path = UserDefaultsHelper.swift; sourceTree = "<group>"; };
		7F1CA2112B501C9C00C71DF7 /* KeychainHelper.swift */ = {isa = PBXFileReference; lastKnownFileType = sourcecode.swift; path = KeychainHelper.swift; sourceTree = "<group>"; };
		7F1CA2142B5021D400C71DF7 /* AuthenticationManager.swift */ = {isa = PBXFileReference; lastKnownFileType = sourcecode.swift; path = AuthenticationManager.swift; sourceTree = "<group>"; };
		7F1CA2172B50422700C71DF7 /* HomeViewModel.swift */ = {isa = PBXFileReference; lastKnownFileType = sourcecode.swift; path = HomeViewModel.swift; sourceTree = "<group>"; };
		7F1CA21D2B55B6FE00C71DF7 /* Endpoint.swift */ = {isa = PBXFileReference; lastKnownFileType = sourcecode.swift; path = Endpoint.swift; sourceTree = "<group>"; };
		7F1CA21F2B55B87E00C71DF7 /* RequestMethod.swift */ = {isa = PBXFileReference; lastKnownFileType = sourcecode.swift; path = RequestMethod.swift; sourceTree = "<group>"; };
		7F1CA2212B55B93300C71DF7 /* RequestError.swift */ = {isa = PBXFileReference; lastKnownFileType = sourcecode.swift; path = RequestError.swift; sourceTree = "<group>"; };
		7F1CA2232B55BA8700C71DF7 /* HTTPClient.swift */ = {isa = PBXFileReference; lastKnownFileType = sourcecode.swift; path = HTTPClient.swift; sourceTree = "<group>"; };
		7F1CA2252B55CEA600C71DF7 /* HomeEndpoint.swift */ = {isa = PBXFileReference; lastKnownFileType = sourcecode.swift; path = HomeEndpoint.swift; sourceTree = "<group>"; };
		7F1CA2272B55D0CE00C71DF7 /* HomeNetworkingService.swift */ = {isa = PBXFileReference; lastKnownFileType = sourcecode.swift; path = HomeNetworkingService.swift; sourceTree = "<group>"; };
		7F1CA2292B56D3F700C71DF7 /* AuthenticationEndpoint.swift */ = {isa = PBXFileReference; lastKnownFileType = sourcecode.swift; path = AuthenticationEndpoint.swift; sourceTree = "<group>"; };
		7F1CA22B2B56E5A600C71DF7 /* AuthenticationService.swift */ = {isa = PBXFileReference; lastKnownFileType = sourcecode.swift; path = AuthenticationService.swift; sourceTree = "<group>"; };
		7F1CA22E2B58378500C71DF7 /* SnackBarErrorView.swift */ = {isa = PBXFileReference; lastKnownFileType = sourcecode.swift; path = SnackBarErrorView.swift; sourceTree = "<group>"; };
		7F1CA2302B5F1B1000C71DF7 /* UIApplication+.swift */ = {isa = PBXFileReference; lastKnownFileType = sourcecode.swift; path = "UIApplication+.swift"; sourceTree = "<group>"; };
		7F1CA2332B5F1E4400C71DF7 /* SkeletonView.swift */ = {isa = PBXFileReference; lastKnownFileType = sourcecode.swift; path = SkeletonView.swift; sourceTree = "<group>"; };
		7F2B7F752AF5EA0900EB6256 /* Voll.app */ = {isa = PBXFileReference; explicitFileType = wrapper.application; includeInIndex = 0; path = Voll.app; sourceTree = BUILT_PRODUCTS_DIR; };
		7F2B7F782AF5EA0900EB6256 /* VollApp.swift */ = {isa = PBXFileReference; lastKnownFileType = sourcecode.swift; path = VollApp.swift; sourceTree = "<group>"; };
		7F2B7F7A2AF5EA0900EB6256 /* ContentView.swift */ = {isa = PBXFileReference; lastKnownFileType = sourcecode.swift; path = ContentView.swift; sourceTree = "<group>"; };
		7F2B7F7C2AF5EA0C00EB6256 /* Assets.xcassets */ = {isa = PBXFileReference; lastKnownFileType = folder.assetcatalog; path = Assets.xcassets; sourceTree = "<group>"; };
		7F2B7F7F2AF5EA0C00EB6256 /* Preview Assets.xcassets */ = {isa = PBXFileReference; lastKnownFileType = folder.assetcatalog; path = "Preview Assets.xcassets"; sourceTree = "<group>"; };
		7F2B7F872AF5EBB700EB6256 /* Specialist.swift */ = {isa = PBXFileReference; lastKnownFileType = sourcecode.swift; path = Specialist.swift; sourceTree = "<group>"; };
		7F2B7F8A2AF5EC8A00EB6256 /* WebService.swift */ = {isa = PBXFileReference; lastKnownFileType = sourcecode.swift; path = WebService.swift; sourceTree = "<group>"; };
		7F2B7F8E2AF5ED0400EB6256 /* ButtonView.swift */ = {isa = PBXFileReference; lastKnownFileType = sourcecode.swift; path = ButtonView.swift; sourceTree = "<group>"; };
		7F2B7F902AF5EE7300EB6256 /* SpecialistCardView.swift */ = {isa = PBXFileReference; lastKnownFileType = sourcecode.swift; path = SpecialistCardView.swift; sourceTree = "<group>"; };
		7F2B7F922AF5F0D100EB6256 /* HomeView.swift */ = {isa = PBXFileReference; lastKnownFileType = sourcecode.swift; path = HomeView.swift; sourceTree = "<group>"; };
		7F6DA1022AF66B6D009E6BD3 /* ScheduleAppointmentView.swift */ = {isa = PBXFileReference; lastKnownFileType = sourcecode.swift; path = ScheduleAppointmentView.swift; sourceTree = "<group>"; };
		7F6DA1052AF67D54009E6BD3 /* Date+.swift */ = {isa = PBXFileReference; lastKnownFileType = sourcecode.swift; path = "Date+.swift"; sourceTree = "<group>"; };
		7F6DA1072AF67FAE009E6BD3 /* String+.swift */ = {isa = PBXFileReference; lastKnownFileType = sourcecode.swift; path = "String+.swift"; sourceTree = "<group>"; };
		7F6DA1092AF68317009E6BD3 /* ScheduleAppointment.swift */ = {isa = PBXFileReference; lastKnownFileType = sourcecode.swift; path = ScheduleAppointment.swift; sourceTree = "<group>"; };
		7F6DA10B2AF68CA1009E6BD3 /* MyAppointmentsView.swift */ = {isa = PBXFileReference; lastKnownFileType = sourcecode.swift; path = MyAppointmentsView.swift; sourceTree = "<group>"; };
		7F6DA10D2AF6CC09009E6BD3 /* Appointment.swift */ = {isa = PBXFileReference; lastKnownFileType = sourcecode.swift; path = Appointment.swift; sourceTree = "<group>"; };
		7F6DA10F2AF6D782009E6BD3 /* CancelAppointmentView.swift */ = {isa = PBXFileReference; lastKnownFileType = sourcecode.swift; path = CancelAppointmentView.swift; sourceTree = "<group>"; };
/* End PBXFileReference section */

/* Begin PBXFrameworksBuildPhase section */
		7F2B7F722AF5EA0900EB6256 /* Frameworks */ = {
			isa = PBXFrameworksBuildPhase;
			buildActionMask = 2147483647;
			files = (
			);
			runOnlyForDeploymentPostprocessing = 0;
		};
/* End PBXFrameworksBuildPhase section */

/* Begin PBXGroup section */
		7F1CA2132B5021B500C71DF7 /* Managers */ = {
			isa = PBXGroup;
			children = (
				7F1CA2142B5021D400C71DF7 /* AuthenticationManager.swift */,
			);
			path = Managers;
			sourceTree = "<group>";
		};
		7F1CA2162B50420300C71DF7 /* ViewModels */ = {
			isa = PBXGroup;
			children = (
				7F1CA2172B50422700C71DF7 /* HomeViewModel.swift */,
			);
			path = ViewModels;
			sourceTree = "<group>";
		};
		7F1CA2192B55B68E00C71DF7 /* Networking */ = {
			isa = PBXGroup;
			children = (
				7F1CA21A2B55B6A400C71DF7 /* Base */,
				7F1CA21B2B55B6AE00C71DF7 /* Endpoints */,
				7F1CA21C2B55B6BC00C71DF7 /* Services */,
			);
			path = Networking;
			sourceTree = "<group>";
		};
		7F1CA21A2B55B6A400C71DF7 /* Base */ = {
			isa = PBXGroup;
			children = (
				7F1CA21D2B55B6FE00C71DF7 /* Endpoint.swift */,
				7F1CA21F2B55B87E00C71DF7 /* RequestMethod.swift */,
				7F1CA2212B55B93300C71DF7 /* RequestError.swift */,
				7F1CA2232B55BA8700C71DF7 /* HTTPClient.swift */,
			);
			path = Base;
			sourceTree = "<group>";
		};
		7F1CA21B2B55B6AE00C71DF7 /* Endpoints */ = {
			isa = PBXGroup;
			children = (
				7F1CA2252B55CEA600C71DF7 /* HomeEndpoint.swift */,
				7F1CA2292B56D3F700C71DF7 /* AuthenticationEndpoint.swift */,
			);
			path = Endpoints;
			sourceTree = "<group>";
		};
		7F1CA21C2B55B6BC00C71DF7 /* Services */ = {
			isa = PBXGroup;
			children = (
				7F1CA2272B55D0CE00C71DF7 /* HomeNetworkingService.swift */,
				7F1CA22B2B56E5A600C71DF7 /* AuthenticationService.swift */,
			);
			path = Services;
			sourceTree = "<group>";
		};
		7F1CA22D2B58375D00C71DF7 /* SnackBarView */ = {
			isa = PBXGroup;
			children = (
				7F1CA22E2B58378500C71DF7 /* SnackBarErrorView.swift */,
			);
			path = SnackBarView;
			sourceTree = "<group>";
		};
		7F1CA2322B5F1E2800C71DF7 /* Skeleton */ = {
			isa = PBXGroup;
			children = (
				7F1CA2332B5F1E4400C71DF7 /* SkeletonView.swift */,
			);
			path = Skeleton;
			sourceTree = "<group>";
		};
		7F2B7F6C2AF5EA0900EB6256 = {
			isa = PBXGroup;
			children = (
				7F2B7F772AF5EA0900EB6256 /* Voll */,
				7F2B7F762AF5EA0900EB6256 /* Products */,
			);
			sourceTree = "<group>";
		};
		7F2B7F762AF5EA0900EB6256 /* Products */ = {
			isa = PBXGroup;
			children = (
				7F2B7F752AF5EA0900EB6256 /* Voll.app */,
			);
			name = Products;
			sourceTree = "<group>";
		};
		7F2B7F772AF5EA0900EB6256 /* Voll */ = {
			isa = PBXGroup;
			children = (
				7F1CA2132B5021B500C71DF7 /* Managers */,
				7F6DA1042AF67D38009E6BD3 /* Extensions */,
				7F1CA2162B50420300C71DF7 /* ViewModels */,
				7F2B7F8C2AF5ECDC00EB6256 /* Views */,
				7F2B7F892AF5EC7800EB6256 /* Services */,
				7F2B7F862AF5EB8F00EB6256 /* Models */,
				7F1CA2192B55B68E00C71DF7 /* Networking */,
				7F2B7F782AF5EA0900EB6256 /* VollApp.swift */,
				7F2B7F7A2AF5EA0900EB6256 /* ContentView.swift */,
				7F2B7F7C2AF5EA0C00EB6256 /* Assets.xcassets */,
				7F2B7F7E2AF5EA0C00EB6256 /* Preview Content */,
			);
			path = Voll;
			sourceTree = "<group>";
		};
		7F2B7F7E2AF5EA0C00EB6256 /* Preview Content */ = {
			isa = PBXGroup;
			children = (
				7F2B7F7F2AF5EA0C00EB6256 /* Preview Assets.xcassets */,
			);
			path = "Preview Content";
			sourceTree = "<group>";
		};
		7F2B7F862AF5EB8F00EB6256 /* Models */ = {
			isa = PBXGroup;
			children = (
				7F2B7F872AF5EBB700EB6256 /* Specialist.swift */,
				7F6DA1092AF68317009E6BD3 /* ScheduleAppointment.swift */,
				7F6DA10D2AF6CC09009E6BD3 /* Appointment.swift */,
				7F1CA20B2B4F18F700C71DF7 /* Patient.swift */,
				7F1CA20D2B4F374000C71DF7 /* Login.swift */,
			);
			path = Models;
			sourceTree = "<group>";
		};
		7F2B7F892AF5EC7800EB6256 /* Services */ = {
			isa = PBXGroup;
			children = (
				7F2B7F8A2AF5EC8A00EB6256 /* WebService.swift */,
				7F1CA20F2B4F402A00C71DF7 /* UserDefaultsHelper.swift */,
				7F1CA2112B501C9C00C71DF7 /* KeychainHelper.swift */,
			);
			path = Services;
			sourceTree = "<group>";
		};
		7F2B7F8C2AF5ECDC00EB6256 /* Views */ = {
			isa = PBXGroup;
			children = (
				7F1CA2322B5F1E2800C71DF7 /* Skeleton */,
				7F1CA22D2B58375D00C71DF7 /* SnackBarView */,
				7F2B7F8D2AF5ECE500EB6256 /* Components */,
				7F2B7F922AF5F0D100EB6256 /* HomeView.swift */,
				7F6DA1022AF66B6D009E6BD3 /* ScheduleAppointmentView.swift */,
				7F6DA10B2AF68CA1009E6BD3 /* MyAppointmentsView.swift */,
				7F6DA10F2AF6D782009E6BD3 /* CancelAppointmentView.swift */,
				7F1CA2072B4E181500C71DF7 /* SignInView.swift */,
				7F1CA2092B4E1DB000C71DF7 /* SignUpView.swift */,
			);
			path = Views;
			sourceTree = "<group>";
		};
		7F2B7F8D2AF5ECE500EB6256 /* Components */ = {
			isa = PBXGroup;
			children = (
				7F2B7F8E2AF5ED0400EB6256 /* ButtonView.swift */,
				7F2B7F902AF5EE7300EB6256 /* SpecialistCardView.swift */,
			);
			path = Components;
			sourceTree = "<group>";
		};
		7F6DA1042AF67D38009E6BD3 /* Extensions */ = {
			isa = PBXGroup;
			children = (
				7F6DA1052AF67D54009E6BD3 /* Date+.swift */,
				7F6DA1072AF67FAE009E6BD3 /* String+.swift */,
				7F1CA2302B5F1B1000C71DF7 /* UIApplication+.swift */,
			);
			path = Extensions;
			sourceTree = "<group>";
		};
/* End PBXGroup section */

/* Begin PBXNativeTarget section */
		7F2B7F742AF5EA0900EB6256 /* Voll */ = {
			isa = PBXNativeTarget;
			buildConfigurationList = 7F2B7F832AF5EA0C00EB6256 /* Build configuration list for PBXNativeTarget "Voll" */;
			buildPhases = (
				7F2B7F712AF5EA0900EB6256 /* Sources */,
				7F2B7F722AF5EA0900EB6256 /* Frameworks */,
				7F2B7F732AF5EA0900EB6256 /* Resources */,
			);
			buildRules = (
			);
			dependencies = (
			);
			name = Voll;
			productName = Voll;
			productReference = 7F2B7F752AF5EA0900EB6256 /* Voll.app */;
			productType = "com.apple.product-type.application";
		};
/* End PBXNativeTarget section */

/* Begin PBXProject section */
		7F2B7F6D2AF5EA0900EB6256 /* Project object */ = {
			isa = PBXProject;
			attributes = {
				BuildIndependentTargetsInParallel = 1;
				LastSwiftUpdateCheck = 1500;
				LastUpgradeCheck = 1500;
				TargetAttributes = {
					7F2B7F742AF5EA0900EB6256 = {
						CreatedOnToolsVersion = 15.0.1;
					};
				};
			};
			buildConfigurationList = 7F2B7F702AF5EA0900EB6256 /* Build configuration list for PBXProject "Voll" */;
			compatibilityVersion = "Xcode 14.0";
			developmentRegion = en;
			hasScannedForEncodings = 0;
			knownRegions = (
				en,
				Base,
			);
			mainGroup = 7F2B7F6C2AF5EA0900EB6256;
			productRefGroup = 7F2B7F762AF5EA0900EB6256 /* Products */;
			projectDirPath = "";
			projectRoot = "";
			targets = (
				7F2B7F742AF5EA0900EB6256 /* Voll */,
			);
		};
/* End PBXProject section */

/* Begin PBXResourcesBuildPhase section */
		7F2B7F732AF5EA0900EB6256 /* Resources */ = {
			isa = PBXResourcesBuildPhase;
			buildActionMask = 2147483647;
			files = (
				7F2B7F802AF5EA0C00EB6256 /* Preview Assets.xcassets in Resources */,
				7F2B7F7D2AF5EA0C00EB6256 /* Assets.xcassets in Resources */,
			);
			runOnlyForDeploymentPostprocessing = 0;
		};
/* End PBXResourcesBuildPhase section */

/* Begin PBXSourcesBuildPhase section */
		7F2B7F712AF5EA0900EB6256 /* Sources */ = {
			isa = PBXSourcesBuildPhase;
			buildActionMask = 2147483647;
			files = (
				7F1CA20C2B4F18F700C71DF7 /* Patient.swift in Sources */,
				7F1CA2182B50422700C71DF7 /* HomeViewModel.swift in Sources */,
				7F1CA2242B55BA8700C71DF7 /* HTTPClient.swift in Sources */,
				7F6DA10E2AF6CC09009E6BD3 /* Appointment.swift in Sources */,
				7F6DA1062AF67D54009E6BD3 /* Date+.swift in Sources */,
				7F1CA2342B5F1E4500C71DF7 /* SkeletonView.swift in Sources */,
				7F1CA2122B501C9C00C71DF7 /* KeychainHelper.swift in Sources */,
				7F6DA10A2AF68317009E6BD3 /* ScheduleAppointment.swift in Sources */,
				7F2B7F7B2AF5EA0900EB6256 /* ContentView.swift in Sources */,
				7F6DA1082AF67FAE009E6BD3 /* String+.swift in Sources */,
				7F1CA22C2B56E5A600C71DF7 /* AuthenticationService.swift in Sources */,
				7F2B7F932AF5F0D100EB6256 /* HomeView.swift in Sources */,
				7F6DA1102AF6D782009E6BD3 /* CancelAppointmentView.swift in Sources */,
				7F1CA2312B5F1B1100C71DF7 /* UIApplication+.swift in Sources */,
				7F1CA22F2B58378500C71DF7 /* SnackBarErrorView.swift in Sources */,
				7F1CA2152B5021D400C71DF7 /* AuthenticationManager.swift in Sources */,
				7F1CA22A2B56D3F700C71DF7 /* AuthenticationEndpoint.swift in Sources */,
				7F1CA2222B55B93300C71DF7 /* RequestError.swift in Sources */,
				7F2B7F882AF5EBB700EB6256 /* Specialist.swift in Sources */,
				7F1CA2262B55CEA600C71DF7 /* HomeEndpoint.swift in Sources */,
				7F1CA2102B4F402A00C71DF7 /* UserDefaultsHelper.swift in Sources */,
				7F1CA2282B55D0CE00C71DF7 /* HomeNetworkingService.swift in Sources */,
				7F2B7F8F2AF5ED0400EB6256 /* ButtonView.swift in Sources */,
				7F1CA2082B4E181500C71DF7 /* SignInView.swift in Sources */,
				7F2B7F912AF5EE7300EB6256 /* SpecialistCardView.swift in Sources */,
				7F1CA2202B55B87F00C71DF7 /* RequestMethod.swift in Sources */,
				7F2B7F8B2AF5EC8A00EB6256 /* WebService.swift in Sources */,
				7F1CA21E2B55B6FE00C71DF7 /* Endpoint.swift in Sources */,
				7F1CA20A2B4E1DB100C71DF7 /* SignUpView.swift in Sources */,
				7F2B7F792AF5EA0900EB6256 /* VollApp.swift in Sources */,
				7F1CA20E2B4F374000C71DF7 /* Login.swift in Sources */,
				7F6DA10C2AF68CA1009E6BD3 /* MyAppointmentsView.swift in Sources */,
				7F6DA1032AF66B6D009E6BD3 /* ScheduleAppointmentView.swift in Sources */,
			);
			runOnlyForDeploymentPostprocessing = 0;
		};
/* End PBXSourcesBuildPhase section */

/* Begin XCBuildConfiguration section */
		7F2B7F812AF5EA0C00EB6256 /* Debug */ = {
			isa = XCBuildConfiguration;
			buildSettings = {
				ALWAYS_SEARCH_USER_PATHS = NO;
				ASSETCATALOG_COMPILER_GENERATE_SWIFT_ASSET_SYMBOL_EXTENSIONS = YES;
				CLANG_ANALYZER_NONNULL = YES;
				CLANG_ANALYZER_NUMBER_OBJECT_CONVERSION = YES_AGGRESSIVE;
				CLANG_CXX_LANGUAGE_STANDARD = "gnu++20";
				CLANG_ENABLE_MODULES = YES;
				CLANG_ENABLE_OBJC_ARC = YES;
				CLANG_ENABLE_OBJC_WEAK = YES;
				CLANG_WARN_BLOCK_CAPTURE_AUTORELEASING = YES;
				CLANG_WARN_BOOL_CONVERSION = YES;
				CLANG_WARN_COMMA = YES;
				CLANG_WARN_CONSTANT_CONVERSION = YES;
				CLANG_WARN_DEPRECATED_OBJC_IMPLEMENTATIONS = YES;
				CLANG_WARN_DIRECT_OBJC_ISA_USAGE = YES_ERROR;
				CLANG_WARN_DOCUMENTATION_COMMENTS = YES;
				CLANG_WARN_EMPTY_BODY = YES;
				CLANG_WARN_ENUM_CONVERSION = YES;
				CLANG_WARN_INFINITE_RECURSION = YES;
				CLANG_WARN_INT_CONVERSION = YES;
				CLANG_WARN_NON_LITERAL_NULL_CONVERSION = YES;
				CLANG_WARN_OBJC_IMPLICIT_RETAIN_SELF = YES;
				CLANG_WARN_OBJC_LITERAL_CONVERSION = YES;
				CLANG_WARN_OBJC_ROOT_CLASS = YES_ERROR;
				CLANG_WARN_QUOTED_INCLUDE_IN_FRAMEWORK_HEADER = YES;
				CLANG_WARN_RANGE_LOOP_ANALYSIS = YES;
				CLANG_WARN_STRICT_PROTOTYPES = YES;
				CLANG_WARN_SUSPICIOUS_MOVE = YES;
				CLANG_WARN_UNGUARDED_AVAILABILITY = YES_AGGRESSIVE;
				CLANG_WARN_UNREACHABLE_CODE = YES;
				CLANG_WARN__DUPLICATE_METHOD_MATCH = YES;
				COPY_PHASE_STRIP = NO;
				DEBUG_INFORMATION_FORMAT = dwarf;
				ENABLE_STRICT_OBJC_MSGSEND = YES;
				ENABLE_TESTABILITY = YES;
				ENABLE_USER_SCRIPT_SANDBOXING = YES;
				GCC_C_LANGUAGE_STANDARD = gnu17;
				GCC_DYNAMIC_NO_PIC = NO;
				GCC_NO_COMMON_BLOCKS = YES;
				GCC_OPTIMIZATION_LEVEL = 0;
				GCC_PREPROCESSOR_DEFINITIONS = (
					"DEBUG=1",
					"$(inherited)",
				);
				GCC_WARN_64_TO_32_BIT_CONVERSION = YES;
				GCC_WARN_ABOUT_RETURN_TYPE = YES_ERROR;
				GCC_WARN_UNDECLARED_SELECTOR = YES;
				GCC_WARN_UNINITIALIZED_AUTOS = YES_AGGRESSIVE;
				GCC_WARN_UNUSED_FUNCTION = YES;
				GCC_WARN_UNUSED_VARIABLE = YES;
				IPHONEOS_DEPLOYMENT_TARGET = 17.0;
				LOCALIZATION_PREFERS_STRING_CATALOGS = YES;
				MTL_ENABLE_DEBUG_INFO = INCLUDE_SOURCE;
				MTL_FAST_MATH = YES;
				ONLY_ACTIVE_ARCH = YES;
				SDKROOT = iphoneos;
				SWIFT_ACTIVE_COMPILATION_CONDITIONS = "DEBUG $(inherited)";
				SWIFT_OPTIMIZATION_LEVEL = "-Onone";
			};
			name = Debug;
		};
		7F2B7F822AF5EA0C00EB6256 /* Release */ = {
			isa = XCBuildConfiguration;
			buildSettings = {
				ALWAYS_SEARCH_USER_PATHS = NO;
				ASSETCATALOG_COMPILER_GENERATE_SWIFT_ASSET_SYMBOL_EXTENSIONS = YES;
				CLANG_ANALYZER_NONNULL = YES;
				CLANG_ANALYZER_NUMBER_OBJECT_CONVERSION = YES_AGGRESSIVE;
				CLANG_CXX_LANGUAGE_STANDARD = "gnu++20";
				CLANG_ENABLE_MODULES = YES;
				CLANG_ENABLE_OBJC_ARC = YES;
				CLANG_ENABLE_OBJC_WEAK = YES;
				CLANG_WARN_BLOCK_CAPTURE_AUTORELEASING = YES;
				CLANG_WARN_BOOL_CONVERSION = YES;
				CLANG_WARN_COMMA = YES;
				CLANG_WARN_CONSTANT_CONVERSION = YES;
				CLANG_WARN_DEPRECATED_OBJC_IMPLEMENTATIONS = YES;
				CLANG_WARN_DIRECT_OBJC_ISA_USAGE = YES_ERROR;
				CLANG_WARN_DOCUMENTATION_COMMENTS = YES;
				CLANG_WARN_EMPTY_BODY = YES;
				CLANG_WARN_ENUM_CONVERSION = YES;
				CLANG_WARN_INFINITE_RECURSION = YES;
				CLANG_WARN_INT_CONVERSION = YES;
				CLANG_WARN_NON_LITERAL_NULL_CONVERSION = YES;
				CLANG_WARN_OBJC_IMPLICIT_RETAIN_SELF = YES;
				CLANG_WARN_OBJC_LITERAL_CONVERSION = YES;
				CLANG_WARN_OBJC_ROOT_CLASS = YES_ERROR;
				CLANG_WARN_QUOTED_INCLUDE_IN_FRAMEWORK_HEADER = YES;
				CLANG_WARN_RANGE_LOOP_ANALYSIS = YES;
				CLANG_WARN_STRICT_PROTOTYPES = YES;
				CLANG_WARN_SUSPICIOUS_MOVE = YES;
				CLANG_WARN_UNGUARDED_AVAILABILITY = YES_AGGRESSIVE;
				CLANG_WARN_UNREACHABLE_CODE = YES;
				CLANG_WARN__DUPLICATE_METHOD_MATCH = YES;
				COPY_PHASE_STRIP = NO;
				DEBUG_INFORMATION_FORMAT = "dwarf-with-dsym";
				ENABLE_NS_ASSERTIONS = NO;
				ENABLE_STRICT_OBJC_MSGSEND = YES;
				ENABLE_USER_SCRIPT_SANDBOXING = YES;
				GCC_C_LANGUAGE_STANDARD = gnu17;
				GCC_NO_COMMON_BLOCKS = YES;
				GCC_WARN_64_TO_32_BIT_CONVERSION = YES;
				GCC_WARN_ABOUT_RETURN_TYPE = YES_ERROR;
				GCC_WARN_UNDECLARED_SELECTOR = YES;
				GCC_WARN_UNINITIALIZED_AUTOS = YES_AGGRESSIVE;
				GCC_WARN_UNUSED_FUNCTION = YES;
				GCC_WARN_UNUSED_VARIABLE = YES;
				IPHONEOS_DEPLOYMENT_TARGET = 17.0;
				LOCALIZATION_PREFERS_STRING_CATALOGS = YES;
				MTL_ENABLE_DEBUG_INFO = NO;
				MTL_FAST_MATH = YES;
				SDKROOT = iphoneos;
				SWIFT_COMPILATION_MODE = wholemodule;
				VALIDATE_PRODUCT = YES;
			};
			name = Release;
		};
		7F2B7F842AF5EA0C00EB6256 /* Debug */ = {
			isa = XCBuildConfiguration;
			buildSettings = {
				ASSETCATALOG_COMPILER_APPICON_NAME = AppIcon;
				ASSETCATALOG_COMPILER_GLOBAL_ACCENT_COLOR_NAME = AccentColor;
				CODE_SIGN_IDENTITY = "Apple Development";
				CODE_SIGN_STYLE = Automatic;
				CURRENT_PROJECT_VERSION = 1;
				DEVELOPMENT_ASSET_PATHS = "\"Voll/Preview Content\"";
				DEVELOPMENT_TEAM = L8JF868J5R;
				ENABLE_PREVIEWS = YES;
				GENERATE_INFOPLIST_FILE = YES;
				INFOPLIST_KEY_UIApplicationSceneManifest_Generation = YES;
				INFOPLIST_KEY_UIApplicationSupportsIndirectInputEvents = YES;
				INFOPLIST_KEY_UILaunchScreen_Generation = YES;
				INFOPLIST_KEY_UISupportedInterfaceOrientations_iPad = "UIInterfaceOrientationPortrait UIInterfaceOrientationPortraitUpsideDown UIInterfaceOrientationLandscapeLeft UIInterfaceOrientationLandscapeRight";
				INFOPLIST_KEY_UISupportedInterfaceOrientations_iPhone = "UIInterfaceOrientationPortrait UIInterfaceOrientationLandscapeLeft UIInterfaceOrientationLandscapeRight";
				LD_RUNPATH_SEARCH_PATHS = (
					"$(inherited)",
					"@executable_path/Frameworks",
				);
				MARKETING_VERSION = 1.0;
				PRODUCT_BUNDLE_IDENTIFIER = com.mcurvello.Voll;
				PRODUCT_NAME = "$(TARGET_NAME)";
				PROVISIONING_PROFILE_SPECIFIER = "";
				SWIFT_EMIT_LOC_STRINGS = YES;
				SWIFT_VERSION = 5.0;
				TARGETED_DEVICE_FAMILY = "1,2";
			};
			name = Debug;
		};
		7F2B7F852AF5EA0C00EB6256 /* Release */ = {
			isa = XCBuildConfiguration;
			buildSettings = {
				ASSETCATALOG_COMPILER_APPICON_NAME = AppIcon;
				ASSETCATALOG_COMPILER_GLOBAL_ACCENT_COLOR_NAME = AccentColor;
				CODE_SIGN_IDENTITY = "Apple Development";
				CODE_SIGN_STYLE = Automatic;
				CURRENT_PROJECT_VERSION = 1;
				DEVELOPMENT_ASSET_PATHS = "\"Voll/Preview Content\"";
				DEVELOPMENT_TEAM = L8JF868J5R;
				ENABLE_PREVIEWS = YES;
				GENERATE_INFOPLIST_FILE = YES;
				INFOPLIST_KEY_UIApplicationSceneManifest_Generation = YES;
				INFOPLIST_KEY_UIApplicationSupportsIndirectInputEvents = YES;
				INFOPLIST_KEY_UILaunchScreen_Generation = YES;
				INFOPLIST_KEY_UISupportedInterfaceOrientations_iPad = "UIInterfaceOrientationPortrait UIInterfaceOrientationPortraitUpsideDown UIInterfaceOrientationLandscapeLeft UIInterfaceOrientationLandscapeRight";
				INFOPLIST_KEY_UISupportedInterfaceOrientations_iPhone = "UIInterfaceOrientationPortrait UIInterfaceOrientationLandscapeLeft UIInterfaceOrientationLandscapeRight";
				LD_RUNPATH_SEARCH_PATHS = (
					"$(inherited)",
					"@executable_path/Frameworks",
				);
				MARKETING_VERSION = 1.0;
				PRODUCT_BUNDLE_IDENTIFIER = com.mcurvello.Voll;
				PRODUCT_NAME = "$(TARGET_NAME)";
				PROVISIONING_PROFILE_SPECIFIER = "";
				SWIFT_EMIT_LOC_STRINGS = YES;
				SWIFT_VERSION = 5.0;
				TARGETED_DEVICE_FAMILY = "1,2";
			};
			name = Release;
		};
/* End XCBuildConfiguration section */

/* Begin XCConfigurationList section */
		7F2B7F702AF5EA0900EB6256 /* Build configuration list for PBXProject "Voll" */ = {
			isa = XCConfigurationList;
			buildConfigurations = (
				7F2B7F812AF5EA0C00EB6256 /* Debug */,
				7F2B7F822AF5EA0C00EB6256 /* Release */,
			);
			defaultConfigurationIsVisible = 0;
			defaultConfigurationName = Release;
		};
		7F2B7F832AF5EA0C00EB6256 /* Build configuration list for PBXNativeTarget "Voll" */ = {
			isa = XCConfigurationList;
			buildConfigurations = (
				7F2B7F842AF5EA0C00EB6256 /* Debug */,
				7F2B7F852AF5EA0C00EB6256 /* Release */,
			);
			defaultConfigurationIsVisible = 0;
			defaultConfigurationName = Release;
		};
/* End XCConfigurationList section */
	};
	rootObject = 7F2B7F6D2AF5EA0900EB6256 /* Project object */;
}
